
Microsoft Visual Studio Solution File, Format Version 12.00
# Visual Studio Version 17
VisualStudioVersion = 17.11.35312.102
MinimumVisualStudioVersion = 10.0.40219.1
Project("{FAE04EC0-301F-11D3-BF4B-00C04F79EFBC}") = "ExeContainer", "ExeContainer\ExeContainer.csproj", "{1C387366-C904-425D-B27B-9F365FF931A2}"
EndProject
Project("{FAE04EC0-301F-11D3-BF4B-00C04F79EFBC}") = "ExeContainer.WpfDemo", "ExeContainer.WpfDemo\ExeContainer.WpfDemo.csproj", "{F7BD3E0E-67F4-4EF0-8532-744BDC185DBA}"
EndProject
Project("{FAE04EC0-301F-11D3-BF4B-00C04F79EFBC}") = "ExeContainer.WinformDemo", "ExeContainer.WinformDemo\ExeContainer.WinformDemo.csproj", "{9E5ED4D8-433B-46A4-B158-B180D374F887}"
EndProject
Global
	GlobalSection(SolutionConfigurationPlatforms) = preSolution
		Debug|Any CPU = Debug|Any CPU
		Release|Any CPU = Release|Any CPU
	EndGlobalSection
	GlobalSection(ProjectConfigurationPlatforms) = postSolution
		{1C387366-C904-425D-B27B-9F365FF931A2}.Debug|Any CPU.ActiveCfg = Debug|Any CPU
		{1C387366-C904-425D-B27B-9F365FF931A2}.Debug|Any CPU.Build.0 = Debug|Any CPU
		{1C387366-C904-425D-B27B-9F365FF931A2}.Release|Any CPU.ActiveCfg = Release|Any CPU
		{1C387366-C904-425D-B27B-9F365FF931A2}.Release|Any CPU.Build.0 = Release|Any CPU
		{F7BD3E0E-67F4-4EF0-8532-744BDC185DBA}.Debug|Any CPU.ActiveCfg = Debug|Any CPU
		{F7BD3E0E-67F4-4EF0-8532-744BDC185DBA}.Debug|Any CPU.Build.0 = Debug|Any CPU
		{F7BD3E0E-67F4-4EF0-8532-744BDC185DBA}.Release|Any CPU.ActiveCfg = Release|Any CPU
		{F7BD3E0E-67F4-4EF0-8532-744BDC185DBA}.Release|Any CPU.Build.0 = Release|Any CPU
		{9E5ED4D8-433B-46A4-B158-B180D374F887}.Debug|Any CPU.ActiveCfg = Debug|Any CPU
		{9E5ED4D8-433B-46A4-B158-B180D374F887}.Debug|Any CPU.Build.0 = Debug|Any CPU
		{9E5ED4D8-433B-46A4-B158-B180D374F887}.Release|Any CPU.ActiveCfg = Release|Any CPU
		{9E5ED4D8-433B-46A4-B158-B180D374F887}.Release|Any CPU.Build.0 = Release|Any CPU
	EndGlobalSection
	GlobalSection(SolutionProperties) = preSolution
		HideSolutionNode = FALSE
	EndGlobalSection
	GlobalSection(ExtensibilityGlobals) = postSolution
		SolutionGuid = {5372C832-EF1F-4A35-8174-DB74ABF93DEF}
	EndGlobalSection
EndGlobal
